# This file is autogenerated, do not edit; changes may be undone by the next 'dep ensure'.


[[projects]]
  branch = "master"
  name = "github.com/lafin/go-httpclient"
  packages = ["."]
  revision = "a79f0d18be1cc85943acd2f799ca384d25a2ef38"

[[projects]]
  branch = "master"
  name = "github.com/lafin/vk"
  packages = ["."]
  revision = "059d2ce6b90ce552ac2c3d5467993c7cd8bd6722"

[[projects]]
  name = "github.com/oliamb/cutter"
  packages = ["."]
  revision = "5cd9c24de6524b7251ac6b8600b0ba8f43a85963"
  version = "v0.2.0"

[[projects]]
  name = "github.com/x1ddos/imgdiff"
  packages = ["."]
  revision = "dbe557c868755759335c779e506aa4c93544293d"
  version = "v1.0.0"

[[projects]]
  branch = "v2"
  name = "gopkg.in/mgo.v2"
  packages = [
    ".",
    "bson",
    "internal/json",
    "internal/sasl",
    "internal/scram"
  ]
  revision = "3f83fa5005286a7fe593b055f0d7771a7dce4655"

[solve-meta]
  analyzer-name = "dep"
  analyzer-version = 1
  inputs-digest = "887a6ea27b21097d62ee73fb10d875cb538df26bef0fa523f6511c2563e1fc12"
  solver-name = "gps-cdcl"
  solver-version = 1
