# This file is autogenerated, do not edit; changes may be undone by the next 'dep ensure'.


[[projects]]
  branch = "master"
  digest = "1:c505d463d50607205c09212ea7c778790e55a45a01634f558d9890bff18a1549"
  name = "github.com/lafin/go-httpclient"
  packages = ["."]
  pruneopts = ""
  revision = "02957a045fe1aa8170b3d445ada9772ca5f9cbc4"

[[projects]]
  branch = "master"
  digest = "1:cc25d8c1ab685ae6ddd20183387dd2d9cfe99d4ba899bf2aeb6353630538f207"
  name = "github.com/lafin/vk"
  packages = ["."]
  pruneopts = ""
  revision = "621a1d7e86e62119e43cb24fa1613ee1b1be8a92"

[[projects]]
  digest = "1:185f6f7414fce0e9033ea325fa8def71bbe6b989e98c4a3ae3d8243358708052"
  name = "github.com/oliamb/cutter"
  packages = ["."]
  pruneopts = ""
  revision = "de2952ec22155c8e68bf4ac03684b1d1d734b53c"
  version = "v0.2.2"

[[projects]]
  digest = "1:75667adcf67cd1f219da0cfc2b4b24da8bcf32b5247e09eaeb2f821fcc30e38f"
  name = "github.com/x1ddos/imgdiff"
  packages = ["."]
  pruneopts = ""
  revision = "dbe557c868755759335c779e506aa4c93544293d"
  version = "v1.0.0"

[[projects]]
  branch = "v2"
  digest = "1:f54ba71a035aac92ced3e902d2bff3734a15d1891daff73ec0f90ef236750139"
  name = "gopkg.in/mgo.v2"
  packages = [
    ".",
    "bson",
    "internal/json",
    "internal/sasl",
    "internal/scram",
  ]
  pruneopts = ""
  revision = "9856a29383ce1c59f308dd1cf0363a79b5bef6b5"

[solve-meta]
  analyzer-name = "dep"
  analyzer-version = 1
  input-imports = [
    "github.com/lafin/vk",
    "github.com/oliamb/cutter",
    "github.com/x1ddos/imgdiff",
    "gopkg.in/mgo.v2",
    "gopkg.in/mgo.v2/bson",
  ]
  solver-name = "gps-cdcl"
  solver-version = 1
