# This file is autogenerated, do not edit; changes may be undone by the next 'dep ensure'.


[[projects]]
  branch = "master"
  digest = "1:c505d463d50607205c09212ea7c778790e55a45a01634f558d9890bff18a1549"
  name = "github.com/lafin/go-httpclient"
  packages = ["."]
  pruneopts = ""
  revision = "02957a045fe1aa8170b3d445ada9772ca5f9cbc4"

[[projects]]
  branch = "master"
  digest = "1:e3f432508eb62179118c0b54d07c544a55d1b51fc2b048d8a6ff07dea3df3abf"
  name = "github.com/lafin/vk"
  packages = ["."]
  pruneopts = ""
  revision = "99b088aef9bc39be1de34f3f791bad8a5d6daf6f"

[[projects]]
  digest = "1:185f6f7414fce0e9033ea325fa8def71bbe6b989e98c4a3ae3d8243358708052"
  name = "github.com/oliamb/cutter"
  packages = ["."]
  pruneopts = ""
  revision = "de2952ec22155c8e68bf4ac03684b1d1d734b53c"
  version = "v0.2.2"

[[projects]]
  digest = "1:75667adcf67cd1f219da0cfc2b4b24da8bcf32b5247e09eaeb2f821fcc30e38f"
  name = "github.com/x1ddos/imgdiff"
  packages = ["."]
  pruneopts = ""
  revision = "dbe557c868755759335c779e506aa4c93544293d"
  version = "v1.0.0"

[[projects]]
  branch = "v2"
  digest = "1:e56755c5336ff37d20befca76df29097085c85ea1fe58af746e3df6b815decfa"
  name = "gopkg.in/mgo.v2"
  packages = [
    ".",
    "bson",
    "internal/json",
    "internal/sasl",
    "internal/scram",
  ]
  pruneopts = ""
  revision = "a6b53ec6cb22a3699387a57a161566f9402ee85b"

[solve-meta]
  analyzer-name = "dep"
  analyzer-version = 1
  input-imports = [
    "github.com/lafin/vk",
    "github.com/oliamb/cutter",
    "github.com/x1ddos/imgdiff",
    "gopkg.in/mgo.v2",
    "gopkg.in/mgo.v2/bson",
  ]
  solver-name = "gps-cdcl"
  solver-version = 1
